# This file is automatically @generated by Cargo.
# It is not intended for manual editing.
[[package]]
name = "Juggernaut"
version = "0.1.0"
dependencies = [
 "serde_json 1.0.39 (registry+https://github.com/rust-lang/crates.io-index)",
 "web-view 0.4.0 (git+https://github.com/Boscop/web-view)",
]

[[package]]
name = "bitflags"
version = "1.0.4"
source = "registry+https://github.com/rust-lang/crates.io-index"

[[package]]
name = "boxfnonce"
version = "0.1.1"
source = "registry+https://github.com/rust-lang/crates.io-index"

[[package]]
name = "cc"
version = "1.0.35"
source = "registry+https://github.com/rust-lang/crates.io-index"

[[package]]
name = "itoa"
version = "0.4.4"
source = "registry+https://github.com/rust-lang/crates.io-index"

[[package]]
name = "pkg-config"
version = "0.3.14"
source = "registry+https://github.com/rust-lang/crates.io-index"

[[package]]
name = "ryu"
version = "0.2.8"
source = "registry+https://github.com/rust-lang/crates.io-index"

[[package]]
name = "serde"
version = "1.0.90"
source = "registry+https://github.com/rust-lang/crates.io-index"

[[package]]
name = "serde_json"
version = "1.0.39"
source = "registry+https://github.com/rust-lang/crates.io-index"
dependencies = [
 "itoa 0.4.4 (registry+https://github.com/rust-lang/crates.io-index)",
 "ryu 0.2.8 (registry+https://github.com/rust-lang/crates.io-index)",
 "serde 1.0.90 (registry+https://github.com/rust-lang/crates.io-index)",
]

[[package]]
name = "urlencoding"
version = "1.0.0"
source = "registry+https://github.com/rust-lang/crates.io-index"

[[package]]
name = "web-view"
version = "0.4.0"
source = "git+https://github.com/Boscop/web-view#00bbb3adfd152f0509a9e577b78572c0a26f1a0f"
dependencies = [
 "boxfnonce 0.1.1 (registry+https://github.com/rust-lang/crates.io-index)",
 "urlencoding 1.0.0 (registry+https://github.com/rust-lang/crates.io-index)",
 "webview-sys 0.1.1 (git+https://github.com/Boscop/web-view)",
]

[[package]]
name = "webview-sys"
version = "0.1.1"
source = "git+https://github.com/Boscop/web-view#00bbb3adfd152f0509a9e577b78572c0a26f1a0f"
dependencies = [
 "bitflags 1.0.4 (registry+https://github.com/rust-lang/crates.io-index)",
 "cc 1.0.35 (registry+https://github.com/rust-lang/crates.io-index)",
 "pkg-config 0.3.14 (registry+https://github.com/rust-lang/crates.io-index)",
]

[metadata]
"checksum bitflags 1.0.4 (registry+https://github.com/rust-lang/crates.io-index)" = "228047a76f468627ca71776ecdebd732a3423081fcf5125585bcd7c49886ce12"
"checksum boxfnonce 0.1.1 (registry+https://github.com/rust-lang/crates.io-index)" = "5988cb1d626264ac94100be357308f29ff7cbdd3b36bda27f450a4ee3f713426"
"checksum cc 1.0.35 (registry+https://github.com/rust-lang/crates.io-index)" = "5e5f3fee5eeb60324c2781f1e41286bdee933850fff9b3c672587fed5ec58c83"
"checksum itoa 0.4.4 (registry+https://github.com/rust-lang/crates.io-index)" = "501266b7edd0174f8530248f87f99c88fbe60ca4ef3dd486835b8d8d53136f7f"
"checksum pkg-config 0.3.14 (registry+https://github.com/rust-lang/crates.io-index)" = "676e8eb2b1b4c9043511a9b7bea0915320d7e502b0a079fb03f9635a5252b18c"
"checksum ryu 0.2.8 (registry+https://github.com/rust-lang/crates.io-index)" = "b96a9549dc8d48f2c283938303c4b5a77aa29bfbc5b54b084fb1630408899a8f"
"checksum serde 1.0.90 (registry+https://github.com/rust-lang/crates.io-index)" = "aa5f7c20820475babd2c077c3ab5f8c77a31c15e16ea38687b4c02d3e48680f4"
"checksum serde_json 1.0.39 (registry+https://github.com/rust-lang/crates.io-index)" = "5a23aa71d4a4d43fdbfaac00eff68ba8a06a51759a89ac3304323e800c4dd40d"
"checksum urlencoding 1.0.0 (registry+https://github.com/rust-lang/crates.io-index)" = "3df3561629a8bb4c57e5a2e4c43348d9e29c7c29d9b1c4c1f47166deca8f37ed"
"checksum web-view 0.4.0 (git+https://github.com/Boscop/web-view)" = "<none>"
"checksum webview-sys 0.1.1 (git+https://github.com/Boscop/web-view)" = "<none>"
